
Microsoft Visual Studio Solution File, Format Version 12.00
# Visual Studio Version 16
VisualStudioVersion = 16.0.29418.71
MinimumVisualStudioVersion = 10.0.40219.1
Project("{FAE04EC0-301F-11D3-BF4B-00C04F79EFBC}") = "AcessoBancoDados", "AcessoBancoDados\AcessoBancoDados.csproj", "{D6779EF6-3E7A-4CAA-8815-CAF91BF057F3}"
EndProject
Project("{FAE04EC0-301F-11D3-BF4B-00C04F79EFBC}") = "Negocios", "Negocios\Negocios.csproj", "{F52E12C9-E9A2-4899-AE20-C414C69CE879}"
EndProject
Project("{FAE04EC0-301F-11D3-BF4B-00C04F79EFBC}") = "ObjetoTransferencia", "ObjetoTransferencia\ObjetoTransferencia.csproj", "{9FD3F161-AEAF-41BD-AD10-0424BFAC8628}"
EndProject
Project("{FAE04EC0-301F-11D3-BF4B-00C04F79EFBC}") = "Apresentacao", "Login\Apresentacao.csproj", "{3C3DA9D5-0E04-4E3E-BB88-46C07AFFB79E}"
EndProject
Global
	GlobalSection(SolutionConfigurationPlatforms) = preSolution
		Debug|Any CPU = Debug|Any CPU
		Release|Any CPU = Release|Any CPU
	EndGlobalSection
	GlobalSection(ProjectConfigurationPlatforms) = postSolution
		{D6779EF6-3E7A-4CAA-8815-CAF91BF057F3}.Debug|Any CPU.ActiveCfg = Debug|Any CPU
		{D6779EF6-3E7A-4CAA-8815-CAF91BF057F3}.Debug|Any CPU.Build.0 = Debug|Any CPU
		{D6779EF6-3E7A-4CAA-8815-CAF91BF057F3}.Release|Any CPU.ActiveCfg = Release|Any CPU
		{D6779EF6-3E7A-4CAA-8815-CAF91BF057F3}.Release|Any CPU.Build.0 = Release|Any CPU
		{F52E12C9-E9A2-4899-AE20-C414C69CE879}.Debug|Any CPU.ActiveCfg = Debug|Any CPU
		{F52E12C9-E9A2-4899-AE20-C414C69CE879}.Debug|Any CPU.Build.0 = Debug|Any CPU
		{F52E12C9-E9A2-4899-AE20-C414C69CE879}.Release|Any CPU.ActiveCfg = Release|Any CPU
		{F52E12C9-E9A2-4899-AE20-C414C69CE879}.Release|Any CPU.Build.0 = Release|Any CPU
		{9FD3F161-AEAF-41BD-AD10-0424BFAC8628}.Debug|Any CPU.ActiveCfg = Debug|Any CPU
		{9FD3F161-AEAF-41BD-AD10-0424BFAC8628}.Debug|Any CPU.Build.0 = Debug|Any CPU
		{9FD3F161-AEAF-41BD-AD10-0424BFAC8628}.Release|Any CPU.ActiveCfg = Release|Any CPU
		{9FD3F161-AEAF-41BD-AD10-0424BFAC8628}.Release|Any CPU.Build.0 = Release|Any CPU
		{3C3DA9D5-0E04-4E3E-BB88-46C07AFFB79E}.Debug|Any CPU.ActiveCfg = Debug|Any CPU
		{3C3DA9D5-0E04-4E3E-BB88-46C07AFFB79E}.Debug|Any CPU.Build.0 = Debug|Any CPU
		{3C3DA9D5-0E04-4E3E-BB88-46C07AFFB79E}.Release|Any CPU.ActiveCfg = Release|Any CPU
		{3C3DA9D5-0E04-4E3E-BB88-46C07AFFB79E}.Release|Any CPU.Build.0 = Release|Any CPU
	EndGlobalSection
	GlobalSection(SolutionProperties) = preSolution
		HideSolutionNode = FALSE
	EndGlobalSection
	GlobalSection(ExtensibilityGlobals) = postSolution
		SolutionGuid = {14915E42-87A4-4680-B63F-6BC6B74A6F75}
	EndGlobalSection
EndGlobal
